
Microsoft Visual Studio Solution File, Format Version 12.00
# Visual Studio Version 17
VisualStudioVersion = 17.14.36414.22 d17.14
MinimumVisualStudioVersion = 10.0.40219.1
Project("{FAE04EC0-301F-11D3-BF4B-00C04F79EFBC}") = "Ticket_Booking_API", "Ticket_Booking_API\Ticket_Booking_API.csproj", "{43FF7D18-6962-40C2-AE11-8A7E5633C0B3}"
EndProject
Global
	GlobalSection(SolutionConfigurationPlatforms) = preSolution
		Debug|Any CPU = Debug|Any CPU
		Release|Any CPU = Release|Any CPU
	EndGlobalSection
	GlobalSection(ProjectConfigurationPlatforms) = postSolution
		{43FF7D18-6962-40C2-AE11-8A7E5633C0B3}.Debug|Any CPU.ActiveCfg = Debug|Any CPU
		{43FF7D18-6962-40C2-AE11-8A7E5633C0B3}.Debug|Any CPU.Build.0 = Debug|Any CPU
		{43FF7D18-6962-40C2-AE11-8A7E5633C0B3}.Release|Any CPU.ActiveCfg = Release|Any CPU
		{43FF7D18-6962-40C2-AE11-8A7E5633C0B3}.Release|Any CPU.Build.0 = Release|Any CPU
	EndGlobalSection
	GlobalSection(SolutionProperties) = preSolution
		HideSolutionNode = FALSE
	EndGlobalSection
	GlobalSection(ExtensibilityGlobals) = postSolution
		SolutionGuid = {92F3F76F-7B72-43F9-B815-5F10830F1221}
	EndGlobalSection
EndGlobal
